
Microsoft Visual Studio Solution File, Format Version 12.00
# Visual Studio Version 17
VisualStudioVersion = 17.14.37012.4 d17.14
MinimumVisualStudioVersion = 10.0.40219.1
Project("{FAE04EC0-301F-11D3-BF4B-00C04F79EFBC}") = "MakeMeSushi", "MakeMeSushi.csproj", "{CBB382DD-9C77-40A7-9B0E-A4D31E15CA61}"
EndProject
Global
	GlobalSection(SolutionConfigurationPlatforms) = preSolution
		Debug|Any CPU = Debug|Any CPU
		Release|Any CPU = Release|Any CPU
	EndGlobalSection
	GlobalSection(ProjectConfigurationPlatforms) = postSolution
		{CBB382DD-9C77-40A7-9B0E-A4D31E15CA61}.Debug|Any CPU.ActiveCfg = Debug|Any CPU
		{CBB382DD-9C77-40A7-9B0E-A4D31E15CA61}.Debug|Any CPU.Build.0 = Debug|Any CPU
		{CBB382DD-9C77-40A7-9B0E-A4D31E15CA61}.Release|Any CPU.ActiveCfg = Release|Any CPU
		{CBB382DD-9C77-40A7-9B0E-A4D31E15CA61}.Release|Any CPU.Build.0 = Release|Any CPU
	EndGlobalSection
	GlobalSection(SolutionProperties) = preSolution
		HideSolutionNode = FALSE
	EndGlobalSection
	GlobalSection(ExtensibilityGlobals) = postSolution
		SolutionGuid = {49E85137-0449-48AC-8C56-10E8C37F3E0C}
	EndGlobalSection
EndGlobal
